
Microsoft Visual Studio Solution File, Format Version 12.00
# Visual Studio 14
VisualStudioVersion = 14.0.25420.1
MinimumVisualStudioVersion = 10.0.40219.1
Project("{FAE04EC0-301F-11D3-BF4B-00C04F79EFBC}") = "Models", "Models\Models.csproj", "{3EB00B4A-FADD-4E98-B8A6-FF0576BC959D}"
EndProject
Project("{FAE04EC0-301F-11D3-BF4B-00C04F79EFBC}") = "DataAccess", "DataAccess\DataAccess.csproj", "{97117625-2CFE-405A-842B-E79E77557B34}"
EndProject
Project("{FAE04EC0-301F-11D3-BF4B-00C04F79EFBC}") = "Repositories", "Repositories\Repositories.csproj", "{A39E2D73-6068-42FB-A84E-7CB0FAC9F723}"
EndProject
Project("{FAE04EC0-301F-11D3-BF4B-00C04F79EFBC}") = "UnitTesting", "UnitTesting\UnitTesting.csproj", "{84A0BAF8-E0D3-4EC2-B62A-94DAF1FCF975}"
EndProject
Global
	GlobalSection(SolutionConfigurationPlatforms) = preSolution
		Debug|Any CPU = Debug|Any CPU
		Release|Any CPU = Release|Any CPU
	EndGlobalSection
	GlobalSection(ProjectConfigurationPlatforms) = postSolution
		{3EB00B4A-FADD-4E98-B8A6-FF0576BC959D}.Debug|Any CPU.ActiveCfg = Debug|Any CPU
		{3EB00B4A-FADD-4E98-B8A6-FF0576BC959D}.Debug|Any CPU.Build.0 = Debug|Any CPU
		{3EB00B4A-FADD-4E98-B8A6-FF0576BC959D}.Release|Any CPU.ActiveCfg = Release|Any CPU
		{3EB00B4A-FADD-4E98-B8A6-FF0576BC959D}.Release|Any CPU.Build.0 = Release|Any CPU
		{97117625-2CFE-405A-842B-E79E77557B34}.Debug|Any CPU.ActiveCfg = Debug|Any CPU
		{97117625-2CFE-405A-842B-E79E77557B34}.Debug|Any CPU.Build.0 = Debug|Any CPU
		{97117625-2CFE-405A-842B-E79E77557B34}.Release|Any CPU.ActiveCfg = Release|Any CPU
		{97117625-2CFE-405A-842B-E79E77557B34}.Release|Any CPU.Build.0 = Release|Any CPU
		{A39E2D73-6068-42FB-A84E-7CB0FAC9F723}.Debug|Any CPU.ActiveCfg = Debug|Any CPU
		{A39E2D73-6068-42FB-A84E-7CB0FAC9F723}.Debug|Any CPU.Build.0 = Debug|Any CPU
		{A39E2D73-6068-42FB-A84E-7CB0FAC9F723}.Release|Any CPU.ActiveCfg = Release|Any CPU
		{A39E2D73-6068-42FB-A84E-7CB0FAC9F723}.Release|Any CPU.Build.0 = Release|Any CPU
		{84A0BAF8-E0D3-4EC2-B62A-94DAF1FCF975}.Debug|Any CPU.ActiveCfg = Debug|Any CPU
		{84A0BAF8-E0D3-4EC2-B62A-94DAF1FCF975}.Debug|Any CPU.Build.0 = Debug|Any CPU
		{84A0BAF8-E0D3-4EC2-B62A-94DAF1FCF975}.Release|Any CPU.ActiveCfg = Release|Any CPU
		{84A0BAF8-E0D3-4EC2-B62A-94DAF1FCF975}.Release|Any CPU.Build.0 = Release|Any CPU
	EndGlobalSection
	GlobalSection(SolutionProperties) = preSolution
		HideSolutionNode = FALSE
	EndGlobalSection
EndGlobal
